
Microsoft Visual Studio Solution File, Format Version 12.00
# Visual Studio Version 17
VisualStudioVersion = 17.5.002.0
MinimumVisualStudioVersion = 10.0.40219.1
Project("{9A19103F-16F7-4668-BE54-9A1E7A4F7556}") = "GameStore", "GameStore.csproj", "{669D4C99-72E6-419F-9EA9-9B653A324C69}"
EndProject
Global
	GlobalSection(SolutionConfigurationPlatforms) = preSolution
		Debug|Any CPU = Debug|Any CPU
		Release|Any CPU = Release|Any CPU
	EndGlobalSection
	GlobalSection(ProjectConfigurationPlatforms) = postSolution
		{669D4C99-72E6-419F-9EA9-9B653A324C69}.Debug|Any CPU.ActiveCfg = Debug|Any CPU
		{669D4C99-72E6-419F-9EA9-9B653A324C69}.Debug|Any CPU.Build.0 = Debug|Any CPU
		{669D4C99-72E6-419F-9EA9-9B653A324C69}.Release|Any CPU.ActiveCfg = Release|Any CPU
		{669D4C99-72E6-419F-9EA9-9B653A324C69}.Release|Any CPU.Build.0 = Release|Any CPU
	EndGlobalSection
	GlobalSection(SolutionProperties) = preSolution
		HideSolutionNode = FALSE
	EndGlobalSection
	GlobalSection(ExtensibilityGlobals) = postSolution
		SolutionGuid = {11535D23-1224-4161-8E1F-E831D6F0A9AC}
	EndGlobalSection
EndGlobal
